
Microsoft Visual Studio Solution File, Format Version 12.00
# Visual Studio Version 16
VisualStudioVersion = 16.0.31129.286
MinimumVisualStudioVersion = 10.0.40219.1
Project("{FAE04EC0-301F-11D3-BF4B-00C04F79EFBC}") = "Runpath", "Runpath\Runpath.csproj", "{4284E063-8F9D-46B6-B12E-8B93D07A599F}"
EndProject
Project("{FAE04EC0-301F-11D3-BF4B-00C04F79EFBC}") = "TestProject", "TestProject\TestProject.csproj", "{CD6898C0-B7FB-4DAA-A3EE-8A1FD33E8D75}"
EndProject
Global
	GlobalSection(SolutionConfigurationPlatforms) = preSolution
		Debug|Any CPU = Debug|Any CPU
		Release|Any CPU = Release|Any CPU
	EndGlobalSection
	GlobalSection(ProjectConfigurationPlatforms) = postSolution
		{4284E063-8F9D-46B6-B12E-8B93D07A599F}.Debug|Any CPU.ActiveCfg = Debug|Any CPU
		{4284E063-8F9D-46B6-B12E-8B93D07A599F}.Debug|Any CPU.Build.0 = Debug|Any CPU
		{4284E063-8F9D-46B6-B12E-8B93D07A599F}.Release|Any CPU.ActiveCfg = Release|Any CPU
		{4284E063-8F9D-46B6-B12E-8B93D07A599F}.Release|Any CPU.Build.0 = Release|Any CPU
		{CD6898C0-B7FB-4DAA-A3EE-8A1FD33E8D75}.Debug|Any CPU.ActiveCfg = Debug|Any CPU
		{CD6898C0-B7FB-4DAA-A3EE-8A1FD33E8D75}.Debug|Any CPU.Build.0 = Debug|Any CPU
		{CD6898C0-B7FB-4DAA-A3EE-8A1FD33E8D75}.Release|Any CPU.ActiveCfg = Release|Any CPU
		{CD6898C0-B7FB-4DAA-A3EE-8A1FD33E8D75}.Release|Any CPU.Build.0 = Release|Any CPU
	EndGlobalSection
	GlobalSection(SolutionProperties) = preSolution
		HideSolutionNode = FALSE
	EndGlobalSection
	GlobalSection(ExtensibilityGlobals) = postSolution
		SolutionGuid = {23CF0AA5-6505-400C-81C8-A30E6CC57FA2}
	EndGlobalSection
EndGlobal
